
Microsoft Visual Studio Solution File, Format Version 12.00
Project("{FAE04EC0-301F-11D3-BF4B-00C04F79EFBC}") = "Avatar", "Avatar\Avatar.csproj", "{720EB274-E154-4EAB-82E5-F76D655FEC16}"
EndProject
Global
	GlobalSection(SolutionConfigurationPlatforms) = preSolution
		Debug|Any CPU = Debug|Any CPU
		Release|Any CPU = Release|Any CPU
	EndGlobalSection
	GlobalSection(ProjectConfigurationPlatforms) = postSolution
		{720EB274-E154-4EAB-82E5-F76D655FEC16}.Debug|Any CPU.ActiveCfg = Debug|Any CPU
		{720EB274-E154-4EAB-82E5-F76D655FEC16}.Debug|Any CPU.Build.0 = Debug|Any CPU
		{720EB274-E154-4EAB-82E5-F76D655FEC16}.Release|Any CPU.ActiveCfg = Release|Any CPU
		{720EB274-E154-4EAB-82E5-F76D655FEC16}.Release|Any CPU.Build.0 = Release|Any CPU
	EndGlobalSection
EndGlobal
